
Microsoft Visual Studio Solution File, Format Version 12.00
# Visual Studio Version 16
VisualStudioVersion = 16.0.29102.190
MinimumVisualStudioVersion = 10.0.40219.1
Project("{FAE04EC0-301F-11D3-BF4B-00C04F79EFBC}") = "Lab 9 Lists", "Lab 9 Lists\Lab 9 Lists.csproj", "{F8FA360D-00BE-4134-B647-E199FBEB6EE3}"
EndProject
Global
	GlobalSection(SolutionConfigurationPlatforms) = preSolution
		Debug|Any CPU = Debug|Any CPU
		Release|Any CPU = Release|Any CPU
	EndGlobalSection
	GlobalSection(ProjectConfigurationPlatforms) = postSolution
		{F8FA360D-00BE-4134-B647-E199FBEB6EE3}.Debug|Any CPU.ActiveCfg = Debug|Any CPU
		{F8FA360D-00BE-4134-B647-E199FBEB6EE3}.Debug|Any CPU.Build.0 = Debug|Any CPU
		{F8FA360D-00BE-4134-B647-E199FBEB6EE3}.Release|Any CPU.ActiveCfg = Release|Any CPU
		{F8FA360D-00BE-4134-B647-E199FBEB6EE3}.Release|Any CPU.Build.0 = Release|Any CPU
	EndGlobalSection
	GlobalSection(SolutionProperties) = preSolution
		HideSolutionNode = FALSE
	EndGlobalSection
	GlobalSection(ExtensibilityGlobals) = postSolution
		SolutionGuid = {70DEA1EA-C3A5-47A3-BB25-136C9E501819}
	EndGlobalSection
EndGlobal
